// !$*UTF8*$!
{
	archiveVersion = 1;
	classes = {
	};
	objectVersion = 46;
	objects = {

/* Begin PBXBuildFile section */
		E56986BB1CC184E0006B8C5B /* Stack.swift in Sources */ = {isa = PBXBuildFile; fileRef = E56986BA1CC184E0006B8C5B /* Stack.swift */; };
		E56986C11CC186A4006B8C5B /* TaskController.swift in Sources */ = {isa = PBXBuildFile; fileRef = E56986C01CC186A4006B8C5B /* TaskController.swift */; };
		E56986C81CC18AC7006B8C5B /* Model.xcdatamodeld in Sources */ = {isa = PBXBuildFile; fileRef = E56986C61CC18AC7006B8C5B /* Model.xcdatamodeld */; };
		E56986CB1CC18AF0006B8C5B /* Task+CoreDataProperties.swift in Sources */ = {isa = PBXBuildFile; fileRef = E56986C91CC18AF0006B8C5B /* Task+CoreDataProperties.swift */; };
		E56986CC1CC18AF0006B8C5B /* Task.swift in Sources */ = {isa = PBXBuildFile; fileRef = E56986CA1CC18AF0006B8C5B /* Task.swift */; };
		E5E2695F1CC178B400BD782B /* AppDelegate.swift in Sources */ = {isa = PBXBuildFile; fileRef = E5E2695E1CC178B400BD782B /* AppDelegate.swift */; };
		E5E269641CC178B400BD782B /* Main.storyboard in Resources */ = {isa = PBXBuildFile; fileRef = E5E269621CC178B400BD782B /* Main.storyboard */; };
		E5E269691CC178B400BD782B /* LaunchScreen.storyboard in Resources */ = {isa = PBXBuildFile; fileRef = E5E269671CC178B400BD782B /* LaunchScreen.storyboard */; };
		E5E269711CC17AD500BD782B /* TaskListTableViewController.swift in Sources */ = {isa = PBXBuildFile; fileRef = E5E269701CC17AD500BD782B /* TaskListTableViewController.swift */; };
		E5E269731CC17AE800BD782B /* DetailTaskTableViewController.swift in Sources */ = {isa = PBXBuildFile; fileRef = E5E269721CC17AE800BD782B /* DetailTaskTableViewController.swift */; };
		E5E269751CC17B7600BD782B /* Assets.xcassets in Resources */ = {isa = PBXBuildFile; fileRef = E5E269741CC17B7600BD782B /* Assets.xcassets */; };
/* End PBXBuildFile section */

/* Begin PBXFileReference section */
		E56986BA1CC184E0006B8C5B /* Stack.swift */ = {isa = PBXFileReference; fileEncoding = 4; lastKnownFileType = sourcecode.swift; path = Stack.swift; sourceTree = "<group>"; };
		E56986C01CC186A4006B8C5B /* TaskController.swift */ = {isa = PBXFileReference; fileEncoding = 4; lastKnownFileType = sourcecode.swift; path = TaskController.swift; sourceTree = "<group>"; };
		E56986C71CC18AC7006B8C5B /* Model.xcdatamodel */ = {isa = PBXFileReference; lastKnownFileType = wrapper.xcdatamodel; path = Model.xcdatamodel; sourceTree = "<group>"; };
		E56986C91CC18AF0006B8C5B /* Task+CoreDataProperties.swift */ = {isa = PBXFileReference; fileEncoding = 4; lastKnownFileType = sourcecode.swift; path = "Task+CoreDataProperties.swift"; sourceTree = "<group>"; };
		E56986CA1CC18AF0006B8C5B /* Task.swift */ = {isa = PBXFileReference; fileEncoding = 4; lastKnownFileType = sourcecode.swift; path = Task.swift; sourceTree = "<group>"; };
		E5E2695B1CC178B400BD782B /* ios-challenge-task1.app */ = {isa = PBXFileReference; explicitFileType = wrapper.application; includeInIndex = 0; path = "ios-challenge-task1.app"; sourceTree = BUILT_PRODUCTS_DIR; };
		E5E2695E1CC178B400BD782B /* AppDelegate.swift */ = {isa = PBXFileReference; lastKnownFileType = sourcecode.swift; path = AppDelegate.swift; sourceTree = "<group>"; };
		E5E269631CC178B400BD782B /* Base */ = {isa = PBXFileReference; lastKnownFileType = file.storyboard; name = Base; path = Base.lproj/Main.storyboard; sourceTree = "<group>"; };
		E5E269681CC178B400BD782B /* Base */ = {isa = PBXFileReference; lastKnownFileType = file.storyboard; name = Base; path = Base.lproj/LaunchScreen.storyboard; sourceTree = "<group>"; };
		E5E2696A1CC178B400BD782B /* Info.plist */ = {isa = PBXFileReference; lastKnownFileType = text.plist.xml; path = Info.plist; sourceTree = "<group>"; };
		E5E269701CC17AD500BD782B /* TaskListTableViewController.swift */ = {isa = PBXFileReference; fileEncoding = 4; lastKnownFileType = sourcecode.swift; path = TaskListTableViewController.swift; sourceTree = "<group>"; };
		E5E269721CC17AE800BD782B /* DetailTaskTableViewController.swift */ = {isa = PBXFileReference; fileEncoding = 4; lastKnownFileType = sourcecode.swift; path = DetailTaskTableViewController.swift; sourceTree = "<group>"; };
		E5E269741CC17B7600BD782B /* Assets.xcassets */ = {isa = PBXFileReference; lastKnownFileType = folder.assetcatalog; path = Assets.xcassets; sourceTree = "<group>"; };
/* End PBXFileReference section */

/* Begin PBXFrameworksBuildPhase section */
		E5E269581CC178B400BD782B /* Frameworks */ = {
			isa = PBXFrameworksBuildPhase;
			buildActionMask = 2147483647;
			files = (
			);
			runOnlyForDeploymentPostprocessing = 0;
		};
/* End PBXFrameworksBuildPhase section */

/* Begin PBXGroup section */
		E5E269521CC178B400BD782B = {
			isa = PBXGroup;
			children = (
				E56986C91CC18AF0006B8C5B /* Task+CoreDataProperties.swift */,
				E56986CA1CC18AF0006B8C5B /* Task.swift */,
				E56986C01CC186A4006B8C5B /* TaskController.swift */,
				E56986C61CC18AC7006B8C5B /* Model.xcdatamodeld */,
				E56986BA1CC184E0006B8C5B /* Stack.swift */,
				E5E2695D1CC178B400BD782B /* ios-challenge-task1 */,
				E5E2695C1CC178B400BD782B /* Products */,
			);
			sourceTree = "<group>";
		};
		E5E2695C1CC178B400BD782B /* Products */ = {
			isa = PBXGroup;
			children = (
				E5E2695B1CC178B400BD782B /* ios-challenge-task1.app */,
			);
			name = Products;
			sourceTree = "<group>";
		};
		E5E2695D1CC178B400BD782B /* ios-challenge-task1 */ = {
			isa = PBXGroup;
			children = (
				E5E2695E1CC178B400BD782B /* AppDelegate.swift */,
				E5E269621CC178B400BD782B /* Main.storyboard */,
				E5E269701CC17AD500BD782B /* TaskListTableViewController.swift */,
				E5E269721CC17AE800BD782B /* DetailTaskTableViewController.swift */,
				E5E269671CC178B400BD782B /* LaunchScreen.storyboard */,
				E5E269741CC17B7600BD782B /* Assets.xcassets */,
				E5E2696A1CC178B400BD782B /* Info.plist */,
			);
			path = "ios-challenge-task1";
			sourceTree = "<group>";
		};
/* End PBXGroup section */

/* Begin PBXNativeTarget section */
		E5E2695A1CC178B400BD782B /* ios-challenge-task1 */ = {
			isa = PBXNativeTarget;
			buildConfigurationList = E5E2696D1CC178B400BD782B /* Build configuration list for PBXNativeTarget "ios-challenge-task1" */;
			buildPhases = (
				E5E269571CC178B400BD782B /* Sources */,
				E5E269581CC178B400BD782B /* Frameworks */,
				E5E269591CC178B400BD782B /* Resources */,
			);
			buildRules = (
			);
			dependencies = (
			);
			name = "ios-challenge-task1";
			productName = "ios-challenge-task1";
			productReference = E5E2695B1CC178B400BD782B /* ios-challenge-task1.app */;
			productType = "com.apple.product-type.application";
		};
/* End PBXNativeTarget section */

/* Begin PBXProject section */
		E5E269531CC178B400BD782B /* Project object */ = {
			isa = PBXProject;
			attributes = {
				LastSwiftUpdateCheck = 0730;
				LastUpgradeCheck = 0730;
				ORGANIZATIONNAME = IlasonApps;
				TargetAttributes = {
					E5E2695A1CC178B400BD782B = {
						CreatedOnToolsVersion = 7.3;
					};
				};
			};
			buildConfigurationList = E5E269561CC178B400BD782B /* Build configuration list for PBXProject "ios-challenge-task1" */;
			compatibilityVersion = "Xcode 3.2";
			developmentRegion = English;
			hasScannedForEncodings = 0;
			knownRegions = (
				en,
				Base,
			);
			mainGroup = E5E269521CC178B400BD782B;
			productRefGroup = E5E2695C1CC178B400BD782B /* Products */;
			projectDirPath = "";
			projectRoot = "";
			targets = (
				E5E2695A1CC178B400BD782B /* ios-challenge-task1 */,
			);
		};
/* End PBXProject section */

/* Begin PBXResourcesBuildPhase section */
		E5E269591CC178B400BD782B /* Resources */ = {
			isa = PBXResourcesBuildPhase;
			buildActionMask = 2147483647;
			files = (
				E5E269691CC178B400BD782B /* LaunchScreen.storyboard in Resources */,
				E5E269751CC17B7600BD782B /* Assets.xcassets in Resources */,
				E5E269641CC178B400BD782B /* Main.storyboard in Resources */,
			);
			runOnlyForDeploymentPostprocessing = 0;
		};
/* End PBXResourcesBuildPhase section */

/* Begin PBXSourcesBuildPhase section */
		E5E269571CC178B400BD782B /* Sources */ = {
			isa = PBXSourcesBuildPhase;
			buildActionMask = 2147483647;
			files = (
				E56986CC1CC18AF0006B8C5B /* Task.swift in Sources */,
				E5E269711CC17AD500BD782B /* TaskListTableViewController.swift in Sources */,
				E56986BB1CC184E0006B8C5B /* Stack.swift in Sources */,
				E5E269731CC17AE800BD782B /* DetailTaskTableViewController.swift in Sources */,
				E5E2695F1CC178B400BD782B /* AppDelegate.swift in Sources */,
				E56986CB1CC18AF0006B8C5B /* Task+CoreDataProperties.swift in Sources */,
				E56986C11CC186A4006B8C5B /* TaskController.swift in Sources */,
				E56986C81CC18AC7006B8C5B /* Model.xcdatamodeld in Sources */,
			);
			runOnlyForDeploymentPostprocessing = 0;
		};
/* End PBXSourcesBuildPhase section */

/* Begin PBXVariantGroup section */
		E5E269621CC178B400BD782B /* Main.storyboard */ = {
			isa = PBXVariantGroup;
			children = (
				E5E269631CC178B400BD782B /* Base */,
			);
			name = Main.storyboard;
			sourceTree = "<group>";
		};
		E5E269671CC178B400BD782B /* LaunchScreen.storyboard */ = {
			isa = PBXVariantGroup;
			children = (
				E5E269681CC178B400BD782B /* Base */,
			);
			name = LaunchScreen.storyboard;
			sourceTree = "<group>";
		};
/* End PBXVariantGroup section */

/* Begin XCBuildConfiguration section */
		E5E2696B1CC178B400BD782B /* Debug */ = {
			isa = XCBuildConfiguration;
			buildSettings = {
				ALWAYS_SEARCH_USER_PATHS = NO;
				CLANG_ANALYZER_NONNULL = YES;
				CLANG_CXX_LANGUAGE_STANDARD = "gnu++0x";
				CLANG_CXX_LIBRARY = "libc++";
				CLANG_ENABLE_MODULES = YES;
				CLANG_ENABLE_OBJC_ARC = YES;
				CLANG_WARN_BOOL_CONVERSION = YES;
				CLANG_WARN_CONSTANT_CONVERSION = YES;
				CLANG_WARN_DIRECT_OBJC_ISA_USAGE = YES_ERROR;
				CLANG_WARN_EMPTY_BODY = YES;
				CLANG_WARN_ENUM_CONVERSION = YES;
				CLANG_WARN_INT_CONVERSION = YES;
				CLANG_WARN_OBJC_ROOT_CLASS = YES_ERROR;
				CLANG_WARN_UNREACHABLE_CODE = YES;
				CLANG_WARN__DUPLICATE_METHOD_MATCH = YES;
				"CODE_SIGN_IDENTITY[sdk=iphoneos*]" = "iPhone Developer";
				COPY_PHASE_STRIP = NO;
				DEBUG_INFORMATION_FORMAT = dwarf;
				ENABLE_STRICT_OBJC_MSGSEND = YES;
				ENABLE_TESTABILITY = YES;
				GCC_C_LANGUAGE_STANDARD = gnu99;
				GCC_DYNAMIC_NO_PIC = NO;
				GCC_NO_COMMON_BLOCKS = YES;
				GCC_OPTIMIZATION_LEVEL = 0;
				GCC_PREPROCESSOR_DEFINITIONS = (
					"DEBUG=1",
					"$(inherited)",
				);
				GCC_WARN_64_TO_32_BIT_CONVERSION = YES;
				GCC_WARN_ABOUT_RETURN_TYPE = YES_ERROR;
				GCC_WARN_UNDECLARED_SELECTOR = YES;
				GCC_WARN_UNINITIALIZED_AUTOS = YES_AGGRESSIVE;
				GCC_WARN_UNUSED_FUNCTION = YES;
				GCC_WARN_UNUSED_VARIABLE = YES;
				IPHONEOS_DEPLOYMENT_TARGET = 9.3;
				MTL_ENABLE_DEBUG_INFO = YES;
				ONLY_ACTIVE_ARCH = YES;
				SDKROOT = iphoneos;
				SWIFT_OPTIMIZATION_LEVEL = "-Onone";
			};
			name = Debug;
		};
		E5E2696C1CC178B400BD782B /* Release */ = {
			isa = XCBuildConfiguration;
			buildSettings = {
				ALWAYS_SEARCH_USER_PATHS = NO;
				CLANG_ANALYZER_NONNULL = YES;
				CLANG_CXX_LANGUAGE_STANDARD = "gnu++0x";
				CLANG_CXX_LIBRARY = "libc++";
				CLANG_ENABLE_MODULES = YES;
				CLANG_ENABLE_OBJC_ARC = YES;
				CLANG_WARN_BOOL_CONVERSION = YES;
				CLANG_WARN_CONSTANT_CONVERSION = YES;
				CLANG_WARN_DIRECT_OBJC_ISA_USAGE = YES_ERROR;
				CLANG_WARN_EMPTY_BODY = YES;
				CLANG_WARN_ENUM_CONVERSION = YES;
				CLANG_WARN_INT_CONVERSION = YES;
				CLANG_WARN_OBJC_ROOT_CLASS = YES_ERROR;
				CLANG_WARN_UNREACHABLE_CODE = YES;
				CLANG_WARN__DUPLICATE_METHOD_MATCH = YES;
				"CODE_SIGN_IDENTITY[sdk=iphoneos*]" = "iPhone Developer";
				COPY_PHASE_STRIP = NO;
				DEBUG_INFORMATION_FORMAT = "dwarf-with-dsym";
				ENABLE_NS_ASSERTIONS = NO;
				ENABLE_STRICT_OBJC_MSGSEND = YES;
				GCC_C_LANGUAGE_STANDARD = gnu99;
				GCC_NO_COMMON_BLOCKS = YES;
				GCC_WARN_64_TO_32_BIT_CONVERSION = YES;
				GCC_WARN_ABOUT_RETURN_TYPE = YES_ERROR;
				GCC_WARN_UNDECLARED_SELECTOR = YES;
				GCC_WARN_UNINITIALIZED_AUTOS = YES_AGGRESSIVE;
				GCC_WARN_UNUSED_FUNCTION = YES;
				GCC_WARN_UNUSED_VARIABLE = YES;
				IPHONEOS_DEPLOYMENT_TARGET = 9.3;
				MTL_ENABLE_DEBUG_INFO = NO;
				SDKROOT = iphoneos;
				VALIDATE_PRODUCT = YES;
			};
			name = Release;
		};
		E5E2696E1CC178B400BD782B /* Debug */ = {
			isa = XCBuildConfiguration;
			buildSettings = {
				ASSETCATALOG_COMPILER_APPICON_NAME = AppIcon;
				INFOPLIST_FILE = "ios-challenge-task1/Info.plist";
				LD_RUNPATH_SEARCH_PATHS = "$(inherited) @executable_path/Frameworks";
				PRODUCT_BUNDLE_IDENTIFIER = "DevMountain.ios-challenge-task1";
				PRODUCT_NAME = "$(TARGET_NAME)";
			};
			name = Debug;
		};
		E5E2696F1CC178B400BD782B /* Release */ = {
			isa = XCBuildConfiguration;
			buildSettings = {
				ASSETCATALOG_COMPILER_APPICON_NAME = AppIcon;
				INFOPLIST_FILE = "ios-challenge-task1/Info.plist";
				LD_RUNPATH_SEARCH_PATHS = "$(inherited) @executable_path/Frameworks";
				PRODUCT_BUNDLE_IDENTIFIER = "DevMountain.ios-challenge-task1";
				PRODUCT_NAME = "$(TARGET_NAME)";
			};
			name = Release;
		};
/* End XCBuildConfiguration section */

/* Begin XCConfigurationList section */
		E5E269561CC178B400BD782B /* Build configuration list for PBXProject "ios-challenge-task1" */ = {
			isa = XCConfigurationList;
			buildConfigurations = (
				E5E2696B1CC178B400BD782B /* Debug */,
				E5E2696C1CC178B400BD782B /* Release */,
			);
			defaultConfigurationIsVisible = 0;
			defaultConfigurationName = Release;
		};
		E5E2696D1CC178B400BD782B /* Build configuration list for PBXNativeTarget "ios-challenge-task1" */ = {
			isa = XCConfigurationList;
			buildConfigurations = (
				E5E2696E1CC178B400BD782B /* Debug */,
				E5E2696F1CC178B400BD782B /* Release */,
			);
			defaultConfigurationIsVisible = 0;
			defaultConfigurationName = Release;
		};
/* End XCConfigurationList section */

/* Begin XCVersionGroup section */
		E56986C61CC18AC7006B8C5B /* Model.xcdatamodeld */ = {
			isa = XCVersionGroup;
			children = (
				E56986C71CC18AC7006B8C5B /* Model.xcdatamodel */,
			);
			currentVersion = E56986C71CC18AC7006B8C5B /* Model.xcdatamodel */;
			path = Model.xcdatamodeld;
			sourceTree = "<group>";
			versionGroupType = wrapper.xcdatamodel;
		};
/* End XCVersionGroup section */
	};
	rootObject = E5E269531CC178B400BD782B /* Project object */;
}
